
Microsoft Visual Studio Solution File, Format Version 12.00
# Visual Studio 2013
VisualStudioVersion = 12.0.40418.0
MinimumVisualStudioVersion = 10.0.40219.1
Project("{8BC9CEB8-8B4A-11D0-8D11-00A0C91BC942}") = "Client", "Client\Client.vcxproj", "{60BA9FBE-D2BA-4422-AF9A-652FF009EA46}"
EndProject
Project("{8BC9CEB8-8B4A-11D0-8D11-00A0C91BC942}") = "Server", "Server\Server.vcxproj", "{49207E11-2770-4624-ACBC-CB9D1CD4A6A9}"
EndProject
Global
	GlobalSection(SolutionConfigurationPlatforms) = preSolution
		Debug|Win32 = Debug|Win32
		Release|Win32 = Release|Win32
	EndGlobalSection
	GlobalSection(ProjectConfigurationPlatforms) = postSolution
		{60BA9FBE-D2BA-4422-AF9A-652FF009EA46}.Debug|Win32.ActiveCfg = Debug|Win32
		{60BA9FBE-D2BA-4422-AF9A-652FF009EA46}.Debug|Win32.Build.0 = Debug|Win32
		{60BA9FBE-D2BA-4422-AF9A-652FF009EA46}.Release|Win32.ActiveCfg = Release|Win32
		{60BA9FBE-D2BA-4422-AF9A-652FF009EA46}.Release|Win32.Build.0 = Release|Win32
		{49207E11-2770-4624-ACBC-CB9D1CD4A6A9}.Debug|Win32.ActiveCfg = Debug|Win32
		{49207E11-2770-4624-ACBC-CB9D1CD4A6A9}.Debug|Win32.Build.0 = Debug|Win32
		{49207E11-2770-4624-ACBC-CB9D1CD4A6A9}.Release|Win32.ActiveCfg = Release|Win32
		{49207E11-2770-4624-ACBC-CB9D1CD4A6A9}.Release|Win32.Build.0 = Release|Win32
	EndGlobalSection
	GlobalSection(SolutionProperties) = preSolution
		HideSolutionNode = FALSE
	EndGlobalSection
EndGlobal
